// !$*UTF8*$!
{
	archiveVersion = 1;
	classes = {
	};
	objectVersion = 55;
	objects = {

/* Begin PBXBuildFile section */
		7A4B223A2797D684004190FE /* AppDelegate.swift in Sources */ = {isa = PBXBuildFile; fileRef = 7A4B22392797D684004190FE /* AppDelegate.swift */; };
		7A4B223C2797D684004190FE /* SceneDelegate.swift in Sources */ = {isa = PBXBuildFile; fileRef = 7A4B223B2797D684004190FE /* SceneDelegate.swift */; };
		7A4B223E2797D684004190FE /* ViewController.swift in Sources */ = {isa = PBXBuildFile; fileRef = 7A4B223D2797D684004190FE /* ViewController.swift */; };
		7A4B22412797D684004190FE /* Main.storyboard in Resources */ = {isa = PBXBuildFile; fileRef = 7A4B223F2797D684004190FE /* Main.storyboard */; };
		7A4B22432797D688004190FE /* Assets.xcassets in Resources */ = {isa = PBXBuildFile; fileRef = 7A4B22422797D688004190FE /* Assets.xcassets */; };
		7A4B22462797D688004190FE /* LaunchScreen.storyboard in Resources */ = {isa = PBXBuildFile; fileRef = 7A4B22442797D688004190FE /* LaunchScreen.storyboard */; };
		7A4B224E2797D72A004190FE /* PointsOfInterest.json in Resources */ = {isa = PBXBuildFile; fileRef = 7A4B224D2797D72A004190FE /* PointsOfInterest.json */; };
		7A4DB7DA27F2C2C8004A7C47 /* UserLocationAnnotation.swift in Sources */ = {isa = PBXBuildFile; fileRef = 7A4DB7D927F2C2C8004A7C47 /* UserLocationAnnotation.swift */; };
		7A4DB7DC27F2C2F9004A7C47 /* UserLocationAnnotationView.swift in Sources */ = {isa = PBXBuildFile; fileRef = 7A4DB7DB27F2C2F9004A7C47 /* UserLocationAnnotationView.swift */; };
/* End PBXBuildFile section */

/* Begin PBXFileReference section */
		7A4B22362797D684004190FE /* plus15playground4.app */ = {isa = PBXFileReference; explicitFileType = wrapper.application; includeInIndex = 0; path = plus15playground4.app; sourceTree = BUILT_PRODUCTS_DIR; };
		7A4B22392797D684004190FE /* AppDelegate.swift */ = {isa = PBXFileReference; lastKnownFileType = sourcecode.swift; path = AppDelegate.swift; sourceTree = "<group>"; };
		7A4B223B2797D684004190FE /* SceneDelegate.swift */ = {isa = PBXFileReference; lastKnownFileType = sourcecode.swift; path = SceneDelegate.swift; sourceTree = "<group>"; };
		7A4B223D2797D684004190FE /* ViewController.swift */ = {isa = PBXFileReference; lastKnownFileType = sourcecode.swift; path = ViewController.swift; sourceTree = "<group>"; };
		7A4B22402797D684004190FE /* Base */ = {isa = PBXFileReference; lastKnownFileType = file.storyboard; name = Base; path = Base.lproj/Main.storyboard; sourceTree = "<group>"; };
		7A4B22422797D688004190FE /* Assets.xcassets */ = {isa = PBXFileReference; lastKnownFileType = folder.assetcatalog; path = Assets.xcassets; sourceTree = "<group>"; };
		7A4B22452797D688004190FE /* Base */ = {isa = PBXFileReference; lastKnownFileType = file.storyboard; name = Base; path = Base.lproj/LaunchScreen.storyboard; sourceTree = "<group>"; };
		7A4B22472797D688004190FE /* Info.plist */ = {isa = PBXFileReference; lastKnownFileType = text.plist.xml; path = Info.plist; sourceTree = "<group>"; };
		7A4B224D2797D72A004190FE /* PointsOfInterest.json */ = {isa = PBXFileReference; fileEncoding = 4; lastKnownFileType = text.json; path = PointsOfInterest.json; sourceTree = "<group>"; };
		7A4DB7D927F2C2C8004A7C47 /* UserLocationAnnotation.swift */ = {isa = PBXFileReference; lastKnownFileType = sourcecode.swift; path = UserLocationAnnotation.swift; sourceTree = "<group>"; };
		7A4DB7DB27F2C2F9004A7C47 /* UserLocationAnnotationView.swift */ = {isa = PBXFileReference; lastKnownFileType = sourcecode.swift; path = UserLocationAnnotationView.swift; sourceTree = "<group>"; };
/* End PBXFileReference section */

/* Begin PBXFrameworksBuildPhase section */
		7A4B22332797D684004190FE /* Frameworks */ = {
			isa = PBXFrameworksBuildPhase;
			buildActionMask = 2147483647;
			files = (
			);
			runOnlyForDeploymentPostprocessing = 0;
		};
/* End PBXFrameworksBuildPhase section */

/* Begin PBXGroup section */
		7A4B222D2797D684004190FE = {
			isa = PBXGroup;
			children = (
				7A4B22382797D684004190FE /* plus15playground4 */,
				7A4B22372797D684004190FE /* Products */,
			);
			sourceTree = "<group>";
		};
		7A4B22372797D684004190FE /* Products */ = {
			isa = PBXGroup;
			children = (
				7A4B22362797D684004190FE /* plus15playground4.app */,
			);
			name = Products;
			sourceTree = "<group>";
		};
		7A4B22382797D684004190FE /* plus15playground4 */ = {
			isa = PBXGroup;
			children = (
				7A4B224D2797D72A004190FE /* PointsOfInterest.json */,
				7A4B22392797D684004190FE /* AppDelegate.swift */,
				7A4B223B2797D684004190FE /* SceneDelegate.swift */,
				7A4B223D2797D684004190FE /* ViewController.swift */,
				7A4B223F2797D684004190FE /* Main.storyboard */,
				7A4B22422797D688004190FE /* Assets.xcassets */,
				7A4B22442797D688004190FE /* LaunchScreen.storyboard */,
				7A4B22472797D688004190FE /* Info.plist */,
				7A4DB7D927F2C2C8004A7C47 /* UserLocationAnnotation.swift */,
				7A4DB7DB27F2C2F9004A7C47 /* UserLocationAnnotationView.swift */,
			);
			path = plus15playground4;
			sourceTree = "<group>";
		};
/* End PBXGroup section */

/* Begin PBXNativeTarget section */
		7A4B22352797D684004190FE /* plus15playground4 */ = {
			isa = PBXNativeTarget;
			buildConfigurationList = 7A4B224A2797D688004190FE /* Build configuration list for PBXNativeTarget "plus15playground4" */;
			buildPhases = (
				7A4B22322797D684004190FE /* Sources */,
				7A4B22332797D684004190FE /* Frameworks */,
				7A4B22342797D684004190FE /* Resources */,
			);
			buildRules = (
			);
			dependencies = (
			);
			name = plus15playground4;
			productName = plus15playground4;
			productReference = 7A4B22362797D684004190FE /* plus15playground4.app */;
			productType = "com.apple.product-type.application";
		};
/* End PBXNativeTarget section */

/* Begin PBXProject section */
		7A4B222E2797D684004190FE /* Project object */ = {
			isa = PBXProject;
			attributes = {
				BuildIndependentTargetsInParallel = 1;
				LastSwiftUpdateCheck = 1320;
				LastUpgradeCheck = 1320;
				TargetAttributes = {
					7A4B22352797D684004190FE = {
						CreatedOnToolsVersion = 13.2.1;
					};
				};
			};
			buildConfigurationList = 7A4B22312797D684004190FE /* Build configuration list for PBXProject "plus15playground4" */;
			compatibilityVersion = "Xcode 13.0";
			developmentRegion = en;
			hasScannedForEncodings = 0;
			knownRegions = (
				en,
				Base,
			);
			mainGroup = 7A4B222D2797D684004190FE;
			productRefGroup = 7A4B22372797D684004190FE /* Products */;
			projectDirPath = "";
			projectRoot = "";
			targets = (
				7A4B22352797D684004190FE /* plus15playground4 */,
			);
		};
/* End PBXProject section */

/* Begin PBXResourcesBuildPhase section */
		7A4B22342797D684004190FE /* Resources */ = {
			isa = PBXResourcesBuildPhase;
			buildActionMask = 2147483647;
			files = (
				7A4B22462797D688004190FE /* LaunchScreen.storyboard in Resources */,
				7A4B224E2797D72A004190FE /* PointsOfInterest.json in Resources */,
				7A4B22432797D688004190FE /* Assets.xcassets in Resources */,
				7A4B22412797D684004190FE /* Main.storyboard in Resources */,
			);
			runOnlyForDeploymentPostprocessing = 0;
		};
/* End PBXResourcesBuildPhase section */

/* Begin PBXSourcesBuildPhase section */
		7A4B22322797D684004190FE /* Sources */ = {
			isa = PBXSourcesBuildPhase;
			buildActionMask = 2147483647;
			files = (
				7A4B223E2797D684004190FE /* ViewController.swift in Sources */,
				7A4B223A2797D684004190FE /* AppDelegate.swift in Sources */,
				7A4DB7DA27F2C2C8004A7C47 /* UserLocationAnnotation.swift in Sources */,
				7A4B223C2797D684004190FE /* SceneDelegate.swift in Sources */,
				7A4DB7DC27F2C2F9004A7C47 /* UserLocationAnnotationView.swift in Sources */,
			);
			runOnlyForDeploymentPostprocessing = 0;
		};
/* End PBXSourcesBuildPhase section */

/* Begin PBXVariantGroup section */
		7A4B223F2797D684004190FE /* Main.storyboard */ = {
			isa = PBXVariantGroup;
			children = (
				7A4B22402797D684004190FE /* Base */,
			);
			name = Main.storyboard;
			sourceTree = "<group>";
		};
		7A4B22442797D688004190FE /* LaunchScreen.storyboard */ = {
			isa = PBXVariantGroup;
			children = (
				7A4B22452797D688004190FE /* Base */,
			);
			name = LaunchScreen.storyboard;
			sourceTree = "<group>";
		};
/* End PBXVariantGroup section */

/* Begin XCBuildConfiguration section */
		7A4B22482797D688004190FE /* Debug */ = {
			isa = XCBuildConfiguration;
			buildSettings = {
				ALWAYS_SEARCH_USER_PATHS = NO;
				CLANG_ANALYZER_NONNULL = YES;
				CLANG_ANALYZER_NUMBER_OBJECT_CONVERSION = YES_AGGRESSIVE;
				CLANG_CXX_LANGUAGE_STANDARD = "gnu++17";
				CLANG_CXX_LIBRARY = "libc++";
				CLANG_ENABLE_MODULES = YES;
				CLANG_ENABLE_OBJC_ARC = YES;
				CLANG_ENABLE_OBJC_WEAK = YES;
				CLANG_WARN_BLOCK_CAPTURE_AUTORELEASING = YES;
				CLANG_WARN_BOOL_CONVERSION = YES;
				CLANG_WARN_COMMA = YES;
				CLANG_WARN_CONSTANT_CONVERSION = YES;
				CLANG_WARN_DEPRECATED_OBJC_IMPLEMENTATIONS = YES;
				CLANG_WARN_DIRECT_OBJC_ISA_USAGE = YES_ERROR;
				CLANG_WARN_DOCUMENTATION_COMMENTS = YES;
				CLANG_WARN_EMPTY_BODY = YES;
				CLANG_WARN_ENUM_CONVERSION = YES;
				CLANG_WARN_INFINITE_RECURSION = YES;
				CLANG_WARN_INT_CONVERSION = YES;
				CLANG_WARN_NON_LITERAL_NULL_CONVERSION = YES;
				CLANG_WARN_OBJC_IMPLICIT_RETAIN_SELF = YES;
				CLANG_WARN_OBJC_LITERAL_CONVERSION = YES;
				CLANG_WARN_OBJC_ROOT_CLASS = YES_ERROR;
				CLANG_WARN_QUOTED_INCLUDE_IN_FRAMEWORK_HEADER = YES;
				CLANG_WARN_RANGE_LOOP_ANALYSIS = YES;
				CLANG_WARN_STRICT_PROTOTYPES = YES;
				CLANG_WARN_SUSPICIOUS_MOVE = YES;
				CLANG_WARN_UNGUARDED_AVAILABILITY = YES_AGGRESSIVE;
				CLANG_WARN_UNREACHABLE_CODE = YES;
				CLANG_WARN__DUPLICATE_METHOD_MATCH = YES;
				COPY_PHASE_STRIP = NO;
				DEBUG_INFORMATION_FORMAT = dwarf;
				ENABLE_STRICT_OBJC_MSGSEND = YES;
				ENABLE_TESTABILITY = YES;
				GCC_C_LANGUAGE_STANDARD = gnu11;
				GCC_DYNAMIC_NO_PIC = NO;
				GCC_NO_COMMON_BLOCKS = YES;
				GCC_OPTIMIZATION_LEVEL = 0;
				GCC_PREPROCESSOR_DEFINITIONS = (
					"DEBUG=1",
					"$(inherited)",
				);
				GCC_WARN_64_TO_32_BIT_CONVERSION = YES;
				GCC_WARN_ABOUT_RETURN_TYPE = YES_ERROR;
				GCC_WARN_UNDECLARED_SELECTOR = YES;
				GCC_WARN_UNINITIALIZED_AUTOS = YES_AGGRESSIVE;
				GCC_WARN_UNUSED_FUNCTION = YES;
				GCC_WARN_UNUSED_VARIABLE = YES;
				IPHONEOS_DEPLOYMENT_TARGET = 15.2;
				MTL_ENABLE_DEBUG_INFO = INCLUDE_SOURCE;
				MTL_FAST_MATH = YES;
				ONLY_ACTIVE_ARCH = YES;
				SDKROOT = iphoneos;
				SWIFT_ACTIVE_COMPILATION_CONDITIONS = DEBUG;
				SWIFT_OPTIMIZATION_LEVEL = "-Onone";
			};
			name = Debug;
		};
		7A4B22492797D688004190FE /* Release */ = {
			isa = XCBuildConfiguration;
			buildSettings = {
				ALWAYS_SEARCH_USER_PATHS = NO;
				CLANG_ANALYZER_NONNULL = YES;
				CLANG_ANALYZER_NUMBER_OBJECT_CONVERSION = YES_AGGRESSIVE;
				CLANG_CXX_LANGUAGE_STANDARD = "gnu++17";
				CLANG_CXX_LIBRARY = "libc++";
				CLANG_ENABLE_MODULES = YES;
				CLANG_ENABLE_OBJC_ARC = YES;
				CLANG_ENABLE_OBJC_WEAK = YES;
				CLANG_WARN_BLOCK_CAPTURE_AUTORELEASING = YES;
				CLANG_WARN_BOOL_CONVERSION = YES;
				CLANG_WARN_COMMA = YES;
				CLANG_WARN_CONSTANT_CONVERSION = YES;
				CLANG_WARN_DEPRECATED_OBJC_IMPLEMENTATIONS = YES;
				CLANG_WARN_DIRECT_OBJC_ISA_USAGE = YES_ERROR;
				CLANG_WARN_DOCUMENTATION_COMMENTS = YES;
				CLANG_WARN_EMPTY_BODY = YES;
				CLANG_WARN_ENUM_CONVERSION = YES;
				CLANG_WARN_INFINITE_RECURSION = YES;
				CLANG_WARN_INT_CONVERSION = YES;
				CLANG_WARN_NON_LITERAL_NULL_CONVERSION = YES;
				CLANG_WARN_OBJC_IMPLICIT_RETAIN_SELF = YES;
				CLANG_WARN_OBJC_LITERAL_CONVERSION = YES;
				CLANG_WARN_OBJC_ROOT_CLASS = YES_ERROR;
				CLANG_WARN_QUOTED_INCLUDE_IN_FRAMEWORK_HEADER = YES;
				CLANG_WARN_RANGE_LOOP_ANALYSIS = YES;
				CLANG_WARN_STRICT_PROTOTYPES = YES;
				CLANG_WARN_SUSPICIOUS_MOVE = YES;
				CLANG_WARN_UNGUARDED_AVAILABILITY = YES_AGGRESSIVE;
				CLANG_WARN_UNREACHABLE_CODE = YES;
				CLANG_WARN__DUPLICATE_METHOD_MATCH = YES;
				COPY_PHASE_STRIP = NO;
				DEBUG_INFORMATION_FORMAT = "dwarf-with-dsym";
				ENABLE_NS_ASSERTIONS = NO;
				ENABLE_STRICT_OBJC_MSGSEND = YES;
				GCC_C_LANGUAGE_STANDARD = gnu11;
				GCC_NO_COMMON_BLOCKS = YES;
				GCC_WARN_64_TO_32_BIT_CONVERSION = YES;
				GCC_WARN_ABOUT_RETURN_TYPE = YES_ERROR;
				GCC_WARN_UNDECLARED_SELECTOR = YES;
				GCC_WARN_UNINITIALIZED_AUTOS = YES_AGGRESSIVE;
				GCC_WARN_UNUSED_FUNCTION = YES;
				GCC_WARN_UNUSED_VARIABLE = YES;
				IPHONEOS_DEPLOYMENT_TARGET = 15.2;
				MTL_ENABLE_DEBUG_INFO = NO;
				MTL_FAST_MATH = YES;
				SDKROOT = iphoneos;
				SWIFT_COMPILATION_MODE = wholemodule;
				SWIFT_OPTIMIZATION_LEVEL = "-O";
				VALIDATE_PRODUCT = YES;
			};
			name = Release;
		};
		7A4B224B2797D688004190FE /* Debug */ = {
			isa = XCBuildConfiguration;
			buildSettings = {
				ASSETCATALOG_COMPILER_APPICON_NAME = AppIcon;
				ASSETCATALOG_COMPILER_GLOBAL_ACCENT_COLOR_NAME = AccentColor;
				CODE_SIGN_STYLE = Automatic;
				CURRENT_PROJECT_VERSION = 1;
				DEVELOPMENT_TEAM = H7JSTY3FFW;
				GENERATE_INFOPLIST_FILE = YES;
				INFOPLIST_FILE = plus15playground4/Info.plist;
				INFOPLIST_KEY_UIApplicationSupportsIndirectInputEvents = YES;
				INFOPLIST_KEY_UILaunchStoryboardName = LaunchScreen;
				INFOPLIST_KEY_UIMainStoryboardFile = Main;
				INFOPLIST_KEY_UISupportedInterfaceOrientations_iPad = "UIInterfaceOrientationPortrait UIInterfaceOrientationPortraitUpsideDown UIInterfaceOrientationLandscapeLeft UIInterfaceOrientationLandscapeRight";
				INFOPLIST_KEY_UISupportedInterfaceOrientations_iPhone = "UIInterfaceOrientationPortrait UIInterfaceOrientationLandscapeLeft UIInterfaceOrientationLandscapeRight";
				LD_RUNPATH_SEARCH_PATHS = (
					"$(inherited)",
					"@executable_path/Frameworks",
				);
				MARKETING_VERSION = 1.0;
				PRODUCT_BUNDLE_IDENTIFIER = com.NickLee.plus15playground4;
				PRODUCT_NAME = "$(TARGET_NAME)";
				SWIFT_EMIT_LOC_STRINGS = YES;
				SWIFT_VERSION = 5.0;
				TARGETED_DEVICE_FAMILY = "1,2";
			};
			name = Debug;
		};
		7A4B224C2797D688004190FE /* Release */ = {
			isa = XCBuildConfiguration;
			buildSettings = {
				ASSETCATALOG_COMPILER_APPICON_NAME = AppIcon;
				ASSETCATALOG_COMPILER_GLOBAL_ACCENT_COLOR_NAME = AccentColor;
				CODE_SIGN_STYLE = Automatic;
				CURRENT_PROJECT_VERSION = 1;
				DEVELOPMENT_TEAM = H7JSTY3FFW;
				GENERATE_INFOPLIST_FILE = YES;
				INFOPLIST_FILE = plus15playground4/Info.plist;
				INFOPLIST_KEY_UIApplicationSupportsIndirectInputEvents = YES;
				INFOPLIST_KEY_UILaunchStoryboardName = LaunchScreen;
				INFOPLIST_KEY_UIMainStoryboardFile = Main;
				INFOPLIST_KEY_UISupportedInterfaceOrientations_iPad = "UIInterfaceOrientationPortrait UIInterfaceOrientationPortraitUpsideDown UIInterfaceOrientationLandscapeLeft UIInterfaceOrientationLandscapeRight";
				INFOPLIST_KEY_UISupportedInterfaceOrientations_iPhone = "UIInterfaceOrientationPortrait UIInterfaceOrientationLandscapeLeft UIInterfaceOrientationLandscapeRight";
				LD_RUNPATH_SEARCH_PATHS = (
					"$(inherited)",
					"@executable_path/Frameworks",
				);
				MARKETING_VERSION = 1.0;
				PRODUCT_BUNDLE_IDENTIFIER = com.NickLee.plus15playground4;
				PRODUCT_NAME = "$(TARGET_NAME)";
				SWIFT_EMIT_LOC_STRINGS = YES;
				SWIFT_VERSION = 5.0;
				TARGETED_DEVICE_FAMILY = "1,2";
			};
			name = Release;
		};
/* End XCBuildConfiguration section */

/* Begin XCConfigurationList section */
		7A4B22312797D684004190FE /* Build configuration list for PBXProject "plus15playground4" */ = {
			isa = XCConfigurationList;
			buildConfigurations = (
				7A4B22482797D688004190FE /* Debug */,
				7A4B22492797D688004190FE /* Release */,
			);
			defaultConfigurationIsVisible = 0;
			defaultConfigurationName = Release;
		};
		7A4B224A2797D688004190FE /* Build configuration list for PBXNativeTarget "plus15playground4" */ = {
			isa = XCConfigurationList;
			buildConfigurations = (
				7A4B224B2797D688004190FE /* Debug */,
				7A4B224C2797D688004190FE /* Release */,
			);
			defaultConfigurationIsVisible = 0;
			defaultConfigurationName = Release;
		};
/* End XCConfigurationList section */
	};
	rootObject = 7A4B222E2797D684004190FE /* Project object */;
}
